# This file is automatically @generated by Cargo.
# It is not intended for manual editing.
version = 4

[[package]]
name = "comment"
version = "0.1.0"

[[package]]
name = "hello-print"
version = "0.1.0"

[[package]]
name = "hello-print-fmt"
version = "0.1.0"

[[package]]
name = "hello-world"
version = "0.1.0"

[[package]]
name = "print-debug"
version = "0.1.0"

[[package]]
name = "print-display"
version = "0.1.0"

[[package]]
name = "rust-by-example"
version = "0.1.0"

[[package]]
name = "testcase-list"
version = "0.1.0"
